
Microsoft Visual Studio Solution File, Format Version 12.00
# Visual Studio Version 16
VisualStudioVersion = 16.0.30621.155
MinimumVisualStudioVersion = 10.0.40219.1
Project("{FAE04EC0-301F-11D3-BF4B-00C04F79EFBC}") = "PTTK", "PTTK\PTTK.csproj", "{A363860E-892F-4452-AA16-EB66E620445E}"
EndProject
Global
	GlobalSection(SolutionConfigurationPlatforms) = preSolution
		Debug|Any CPU = Debug|Any CPU
		Release|Any CPU = Release|Any CPU
	EndGlobalSection
	GlobalSection(ProjectConfigurationPlatforms) = postSolution
		{A363860E-892F-4452-AA16-EB66E620445E}.Debug|Any CPU.ActiveCfg = Debug|Any CPU
		{A363860E-892F-4452-AA16-EB66E620445E}.Debug|Any CPU.Build.0 = Debug|Any CPU
		{A363860E-892F-4452-AA16-EB66E620445E}.Release|Any CPU.ActiveCfg = Release|Any CPU
		{A363860E-892F-4452-AA16-EB66E620445E}.Release|Any CPU.Build.0 = Release|Any CPU
	EndGlobalSection
	GlobalSection(SolutionProperties) = preSolution
		HideSolutionNode = FALSE
	EndGlobalSection
	GlobalSection(ExtensibilityGlobals) = postSolution
		SolutionGuid = {050A3739-47CA-4AA1-839C-41E021C9A1F0}
	EndGlobalSection
EndGlobal
